// !$*UTF8*$!
{
	archiveVersion = 1;
	classes = {
	};
	objectVersion = 54;
	objects = {

/* Begin PBXBuildFile section */
		7D6425982451AEA500F1DD90 /* WeatherData.swift in Sources */ = {isa = PBXBuildFile; fileRef = 7D6425972451AEA500F1DD90 /* WeatherData.swift */; };
		7DB97A2C24585AB800C3BB03 /* WeatherModel.swift in Sources */ = {isa = PBXBuildFile; fileRef = 7DB97A2B24585AB800C3BB03 /* WeatherModel.swift */; };
		ADAA27B1231BBFAF00365194 /* AppDelegate.swift in Sources */ = {isa = PBXBuildFile; fileRef = ADAA27B0231BBFAF00365194 /* AppDelegate.swift */; };
		ADAA27B3231BBFAF00365194 /* SceneDelegate.swift in Sources */ = {isa = PBXBuildFile; fileRef = ADAA27B2231BBFAF00365194 /* SceneDelegate.swift */; };
		ADAA27B5231BBFAF00365194 /* WeatherViewController.swift in Sources */ = {isa = PBXBuildFile; fileRef = ADAA27B4231BBFAF00365194 /* WeatherViewController.swift */; };
		ADAA27B8231BBFAF00365194 /* Main.storyboard in Resources */ = {isa = PBXBuildFile; fileRef = ADAA27B6231BBFAF00365194 /* Main.storyboard */; };
		ADAA27BA231BBFB300365194 /* Assets.xcassets in Resources */ = {isa = PBXBuildFile; fileRef = ADAA27B9231BBFB300365194 /* Assets.xcassets */; };
		ADAA27BD231BBFB300365194 /* LaunchScreen.storyboard in Resources */ = {isa = PBXBuildFile; fileRef = ADAA27BB231BBFB300365194 /* LaunchScreen.storyboard */; };
		ADAA27C6231BC02C00365194 /* light_background.pdf in Resources */ = {isa = PBXBuildFile; fileRef = ADAA27C4231BC02B00365194 /* light_background.pdf */; };
		ADAA27C7231BC02C00365194 /* dark_background.pdf in Resources */ = {isa = PBXBuildFile; fileRef = ADAA27C5231BC02B00365194 /* dark_background.pdf */; };
		ADAA27CE231BC87F00365194 /* README.md in Resources */ = {isa = PBXBuildFile; fileRef = ADAA27CD231BC87F00365194 /* README.md */; };
		BB0175962C8F058100B9ED93 /* GoogleService-Info.plist in Resources */ = {isa = PBXBuildFile; fileRef = BB0175952C8F058100B9ED93 /* GoogleService-Info.plist */; };
		BB2852A52C97388100ED9D0E /* FirebaseAnalytics in Frameworks */ = {isa = PBXBuildFile; productRef = BB2852A42C97388100ED9D0E /* FirebaseAnalytics */; };
		BB2852A72C97388100ED9D0E /* FirebaseAuth in Frameworks */ = {isa = PBXBuildFile; productRef = BB2852A62C97388100ED9D0E /* FirebaseAuth */; };
		BB2852A92C97388100ED9D0E /* FirebaseMessaging in Frameworks */ = {isa = PBXBuildFile; productRef = BB2852A82C97388100ED9D0E /* FirebaseMessaging */; };
		BB2852AB2C97388100ED9D0E /* FirebaseRemoteConfig in Frameworks */ = {isa = PBXBuildFile; productRef = BB2852AA2C97388100ED9D0E /* FirebaseRemoteConfig */; };
		BB9BB2B72C3560EA005C71DF /* Localizable.strings in Resources */ = {isa = PBXBuildFile; fileRef = BB9BB2B52C3560EA005C71DF /* Localizable.strings */; };
		BBBA3B0C2C3E8B2100C0AFC0 /* WeatherManager.swift in Sources */ = {isa = PBXBuildFile; fileRef = BBBA3B0B2C3E8B2100C0AFC0 /* WeatherManager.swift */; };
		BBC22EEA2C3123EE00B7FA52 /* CityListViewController.swift in Sources */ = {isa = PBXBuildFile; fileRef = BBC22EE92C3123EE00B7FA52 /* CityListViewController.swift */; };
		BBC22EF42C31362700B7FA52 /* CityListViewController.xib in Resources */ = {isa = PBXBuildFile; fileRef = BBC22EF32C31362700B7FA52 /* CityListViewController.xib */; };
		BBD0082D2C342FBA003D9324 /* JokeModel.swift in Sources */ = {isa = PBXBuildFile; fileRef = BBD0082C2C342FBA003D9324 /* JokeModel.swift */; };
		BBD008332C351561003D9324 /* CityListTableViewCell.xib in Resources */ = {isa = PBXBuildFile; fileRef = BBD008322C351561003D9324 /* CityListTableViewCell.xib */; };
		BBD008342C351561003D9324 /* CityListTableViewCell.swift in Sources */ = {isa = PBXBuildFile; fileRef = BBD008312C351561003D9324 /* CityListTableViewCell.swift */; };
		BBD0083E2C354657003D9324 /* CityDetailViewController.swift in Sources */ = {isa = PBXBuildFile; fileRef = BBD0083D2C354657003D9324 /* CityDetailViewController.swift */; };
		BBD008422C3549DB003D9324 /* CityDetailViewController.storyboard in Resources */ = {isa = PBXBuildFile; fileRef = BBD008412C3549DB003D9324 /* CityDetailViewController.storyboard */; };
		BBD008442C355112003D9324 /* RegionModel.swift in Sources */ = {isa = PBXBuildFile; fileRef = BBD008432C355112003D9324 /* RegionModel.swift */; };
		BBD008472C3556FA003D9324 /* RswiftLibrary in Frameworks */ = {isa = PBXBuildFile; productRef = BBD008462C3556FA003D9324 /* RswiftLibrary */; };
		BBD052412C832D6C00E11E3B /* LoginVC.xib in Resources */ = {isa = PBXBuildFile; fileRef = BBD052402C832D6C00E11E3B /* LoginVC.xib */; };
		BBD052422C832D6C00E11E3B /* LoginVC.swift in Sources */ = {isa = PBXBuildFile; fileRef = BBD0523F2C832D6C00E11E3B /* LoginVC.swift */; };
		BBD052462C83357F00E11E3B /* SignupVC.xib in Resources */ = {isa = PBXBuildFile; fileRef = BBD052452C83357F00E11E3B /* SignupVC.xib */; };
		BBD052472C83357F00E11E3B /* SignupVC.swift in Sources */ = {isa = PBXBuildFile; fileRef = BBD052442C83357F00E11E3B /* SignupVC.swift */; };
		BBD177752C3BDDE9008ED204 /* APIClient.swift in Sources */ = {isa = PBXBuildFile; fileRef = BBD177742C3BDDE9008ED204 /* APIClient.swift */; };
		BBD177772C3BDFF2008ED204 /* DadJokeManager.swift in Sources */ = {isa = PBXBuildFile; fileRef = BBD177762C3BDFF2008ED204 /* DadJokeManager.swift */; };
/* End PBXBuildFile section */

/* Begin PBXFileReference section */
		7D6425972451AEA500F1DD90 /* WeatherData.swift */ = {isa = PBXFileReference; lastKnownFileType = sourcecode.swift; path = WeatherData.swift; sourceTree = "<group>"; };
		7DB97A2B24585AB800C3BB03 /* WeatherModel.swift */ = {isa = PBXFileReference; lastKnownFileType = sourcecode.swift; path = WeatherModel.swift; sourceTree = "<group>"; };
		ADAA27AD231BBFAF00365194 /* Clima.app */ = {isa = PBXFileReference; explicitFileType = wrapper.application; includeInIndex = 0; path = Clima.app; sourceTree = BUILT_PRODUCTS_DIR; };
		ADAA27B0231BBFAF00365194 /* AppDelegate.swift */ = {isa = PBXFileReference; lastKnownFileType = sourcecode.swift; path = AppDelegate.swift; sourceTree = "<group>"; };
		ADAA27B2231BBFAF00365194 /* SceneDelegate.swift */ = {isa = PBXFileReference; lastKnownFileType = sourcecode.swift; path = SceneDelegate.swift; sourceTree = "<group>"; };
		ADAA27B4231BBFAF00365194 /* WeatherViewController.swift */ = {isa = PBXFileReference; lastKnownFileType = sourcecode.swift; path = WeatherViewController.swift; sourceTree = "<group>"; };
		ADAA27B7231BBFAF00365194 /* Base */ = {isa = PBXFileReference; lastKnownFileType = file.storyboard; name = Base; path = Base.lproj/Main.storyboard; sourceTree = "<group>"; };
		ADAA27B9231BBFB300365194 /* Assets.xcassets */ = {isa = PBXFileReference; lastKnownFileType = folder.assetcatalog; path = Assets.xcassets; sourceTree = "<group>"; };
		ADAA27BC231BBFB300365194 /* Base */ = {isa = PBXFileReference; lastKnownFileType = file.storyboard; name = Base; path = Base.lproj/LaunchScreen.storyboard; sourceTree = "<group>"; };
		ADAA27BE231BBFB300365194 /* Info.plist */ = {isa = PBXFileReference; lastKnownFileType = text.plist.xml; path = Info.plist; sourceTree = "<group>"; };
		ADAA27C4231BC02B00365194 /* light_background.pdf */ = {isa = PBXFileReference; lastKnownFileType = image.pdf; path = light_background.pdf; sourceTree = "<group>"; };
		ADAA27C5231BC02B00365194 /* dark_background.pdf */ = {isa = PBXFileReference; lastKnownFileType = image.pdf; path = dark_background.pdf; sourceTree = "<group>"; };
		ADAA27CD231BC87F00365194 /* README.md */ = {isa = PBXFileReference; fileEncoding = 4; lastKnownFileType = net.daringfireball.markdown; path = README.md; sourceTree = "<group>"; };
		BB01758E2C8C4C3E00B9ED93 /* ClimaDebug.entitlements */ = {isa = PBXFileReference; lastKnownFileType = text.plist.entitlements; path = ClimaDebug.entitlements; sourceTree = "<group>"; };
		BB0175952C8F058100B9ED93 /* GoogleService-Info.plist */ = {isa = PBXFileReference; fileEncoding = 4; lastKnownFileType = text.plist.xml; path = "GoogleService-Info.plist"; sourceTree = "<group>"; };
		BB9BB2B62C3560EA005C71DF /* en */ = {isa = PBXFileReference; lastKnownFileType = text.plist.strings; name = en; path = en.lproj/Localizable.strings; sourceTree = "<group>"; };
		BB9BB2B82C3561C0005C71DF /* ja */ = {isa = PBXFileReference; lastKnownFileType = text.plist.strings; name = ja; path = ja.lproj/Main.strings; sourceTree = "<group>"; };
		BB9BB2B92C3561C0005C71DF /* ja */ = {isa = PBXFileReference; lastKnownFileType = text.plist.strings; name = ja; path = ja.lproj/Localizable.strings; sourceTree = "<group>"; };
		BBBA3B0B2C3E8B2100C0AFC0 /* WeatherManager.swift */ = {isa = PBXFileReference; lastKnownFileType = sourcecode.swift; path = WeatherManager.swift; sourceTree = "<group>"; };
		BBC22EE92C3123EE00B7FA52 /* CityListViewController.swift */ = {isa = PBXFileReference; lastKnownFileType = sourcecode.swift; path = CityListViewController.swift; sourceTree = "<group>"; };
		BBC22EF32C31362700B7FA52 /* CityListViewController.xib */ = {isa = PBXFileReference; lastKnownFileType = file.xib; path = CityListViewController.xib; sourceTree = "<group>"; };
		BBD0082C2C342FBA003D9324 /* JokeModel.swift */ = {isa = PBXFileReference; lastKnownFileType = sourcecode.swift; path = JokeModel.swift; sourceTree = "<group>"; };
		BBD008312C351561003D9324 /* CityListTableViewCell.swift */ = {isa = PBXFileReference; lastKnownFileType = sourcecode.swift; path = CityListTableViewCell.swift; sourceTree = "<group>"; };
		BBD008322C351561003D9324 /* CityListTableViewCell.xib */ = {isa = PBXFileReference; lastKnownFileType = file.xib; path = CityListTableViewCell.xib; sourceTree = "<group>"; };
		BBD0083D2C354657003D9324 /* CityDetailViewController.swift */ = {isa = PBXFileReference; lastKnownFileType = sourcecode.swift; path = CityDetailViewController.swift; sourceTree = "<group>"; };
		BBD008412C3549DB003D9324 /* CityDetailViewController.storyboard */ = {isa = PBXFileReference; lastKnownFileType = file.storyboard; path = CityDetailViewController.storyboard; sourceTree = "<group>"; };
		BBD008432C355112003D9324 /* RegionModel.swift */ = {isa = PBXFileReference; lastKnownFileType = sourcecode.swift; path = RegionModel.swift; sourceTree = "<group>"; };
		BBD0523F2C832D6C00E11E3B /* LoginVC.swift */ = {isa = PBXFileReference; lastKnownFileType = sourcecode.swift; path = LoginVC.swift; sourceTree = "<group>"; };
		BBD052402C832D6C00E11E3B /* LoginVC.xib */ = {isa = PBXFileReference; lastKnownFileType = file.xib; path = LoginVC.xib; sourceTree = "<group>"; };
		BBD052442C83357F00E11E3B /* SignupVC.swift */ = {isa = PBXFileReference; lastKnownFileType = sourcecode.swift; path = SignupVC.swift; sourceTree = "<group>"; };
		BBD052452C83357F00E11E3B /* SignupVC.xib */ = {isa = PBXFileReference; lastKnownFileType = file.xib; path = SignupVC.xib; sourceTree = "<group>"; };
		BBD177742C3BDDE9008ED204 /* APIClient.swift */ = {isa = PBXFileReference; lastKnownFileType = sourcecode.swift; path = APIClient.swift; sourceTree = "<group>"; };
		BBD177762C3BDFF2008ED204 /* DadJokeManager.swift */ = {isa = PBXFileReference; lastKnownFileType = sourcecode.swift; path = DadJokeManager.swift; sourceTree = "<group>"; };
/* End PBXFileReference section */

/* Begin PBXFrameworksBuildPhase section */
		ADAA27AA231BBFAF00365194 /* Frameworks */ = {
			isa = PBXFrameworksBuildPhase;
			buildActionMask = 2147483647;
			files = (
				BB2852A92C97388100ED9D0E /* FirebaseMessaging in Frameworks */,
				BB2852A52C97388100ED9D0E /* FirebaseAnalytics in Frameworks */,
				BB2852A72C97388100ED9D0E /* FirebaseAuth in Frameworks */,
				BBD008472C3556FA003D9324 /* RswiftLibrary in Frameworks */,
				BB2852AB2C97388100ED9D0E /* FirebaseRemoteConfig in Frameworks */,
			);
			runOnlyForDeploymentPostprocessing = 0;
		};
/* End PBXFrameworksBuildPhase section */

/* Begin PBXGroup section */
		ADAA27A4231BBFAF00365194 = {
			isa = PBXGroup;
			children = (
				ADAA27CD231BC87F00365194 /* README.md */,
				ADAA27AF231BBFAF00365194 /* Clima */,
				ADAA27AE231BBFAF00365194 /* Products */,
			);
			sourceTree = "<group>";
		};
		ADAA27AE231BBFAF00365194 /* Products */ = {
			isa = PBXGroup;
			children = (
				ADAA27AD231BBFAF00365194 /* Clima.app */,
			);
			name = Products;
			sourceTree = "<group>";
		};
		ADAA27AF231BBFAF00365194 /* Clima */ = {
			isa = PBXGroup;
			children = (
				BB0175952C8F058100B9ED93 /* GoogleService-Info.plist */,
				BB01758E2C8C4C3E00B9ED93 /* ClimaDebug.entitlements */,
				ADAA27B0231BBFAF00365194 /* AppDelegate.swift */,
				BB9BB2B52C3560EA005C71DF /* Localizable.strings */,
				ADAA27B2231BBFAF00365194 /* SceneDelegate.swift */,
				BBDEC7F92C34269400295A3E /* APIClient */,
				ADAA27CA231BC3FA00365194 /* Model */,
				BBD052432C83352C00E11E3B /* SignupView */,
				BBD0523E2C832D3500E11E3B /* LoginView */,
				BBC22EDE2C311CD700B7FA52 /* WeatherView */,
				BBC22EE82C3123CC00B7FA52 /* CityListView */,
				BBD008382C35460B003D9324 /* CityDetailView */,
				ADAA27B9231BBFB300365194 /* Assets.xcassets */,
				ADAA27BB231BBFB300365194 /* LaunchScreen.storyboard */,
				ADAA27BE231BBFB300365194 /* Info.plist */,
				ADAA27C5231BC02B00365194 /* dark_background.pdf */,
				ADAA27C4231BC02B00365194 /* light_background.pdf */,
			);
			path = Clima;
			sourceTree = "<group>";
		};
		ADAA27C8231BC3E500365194 /* Controller */ = {
			isa = PBXGroup;
			children = (
				ADAA27B4231BBFAF00365194 /* WeatherViewController.swift */,
			);
			path = Controller;
			sourceTree = "<group>";
		};
		ADAA27C9231BC3F200365194 /* View */ = {
			isa = PBXGroup;
			children = (
				ADAA27B6231BBFAF00365194 /* Main.storyboard */,
			);
			path = View;
			sourceTree = "<group>";
		};
		ADAA27CA231BC3FA00365194 /* Model */ = {
			isa = PBXGroup;
			children = (
				7D6425972451AEA500F1DD90 /* WeatherData.swift */,
				7DB97A2B24585AB800C3BB03 /* WeatherModel.swift */,
				BBD0082C2C342FBA003D9324 /* JokeModel.swift */,
				BBD177762C3BDFF2008ED204 /* DadJokeManager.swift */,
				BBBA3B0B2C3E8B2100C0AFC0 /* WeatherManager.swift */,
				BBD008432C355112003D9324 /* RegionModel.swift */,
			);
			path = Model;
			sourceTree = "<group>";
		};
		BBC22EDE2C311CD700B7FA52 /* WeatherView */ = {
			isa = PBXGroup;
			children = (
				ADAA27C9231BC3F200365194 /* View */,
				ADAA27C8231BC3E500365194 /* Controller */,
			);
			path = WeatherView;
			sourceTree = "<group>";
		};
		BBC22EE82C3123CC00B7FA52 /* CityListView */ = {
			isa = PBXGroup;
			children = (
				BBD008302C35153D003D9324 /* Cell */,
				BBC22EEC2C3123FE00B7FA52 /* View */,
				BBC22EEB2C3123F200B7FA52 /* Controller */,
			);
			path = CityListView;
			sourceTree = "<group>";
		};
		BBC22EEB2C3123F200B7FA52 /* Controller */ = {
			isa = PBXGroup;
			children = (
				BBC22EE92C3123EE00B7FA52 /* CityListViewController.swift */,
			);
			path = Controller;
			sourceTree = "<group>";
		};
		BBC22EEC2C3123FE00B7FA52 /* View */ = {
			isa = PBXGroup;
			children = (
				BBC22EF32C31362700B7FA52 /* CityListViewController.xib */,
			);
			path = View;
			sourceTree = "<group>";
		};
		BBD008302C35153D003D9324 /* Cell */ = {
			isa = PBXGroup;
			children = (
				BBD008312C351561003D9324 /* CityListTableViewCell.swift */,
				BBD008322C351561003D9324 /* CityListTableViewCell.xib */,
			);
			path = Cell;
			sourceTree = "<group>";
		};
		BBD008382C35460B003D9324 /* CityDetailView */ = {
			isa = PBXGroup;
			children = (
				BBD0083C2C35463C003D9324 /* Controller */,
				BBD0083B2C354634003D9324 /* View */,
			);
			path = CityDetailView;
			sourceTree = "<group>";
		};
		BBD0083B2C354634003D9324 /* View */ = {
			isa = PBXGroup;
			children = (
				BBD008412C3549DB003D9324 /* CityDetailViewController.storyboard */,
			);
			path = View;
			sourceTree = "<group>";
		};
		BBD0083C2C35463C003D9324 /* Controller */ = {
			isa = PBXGroup;
			children = (
				BBD0083D2C354657003D9324 /* CityDetailViewController.swift */,
			);
			path = Controller;
			sourceTree = "<group>";
		};
		BBD0523E2C832D3500E11E3B /* LoginView */ = {
			isa = PBXGroup;
			children = (
				BBD0523F2C832D6C00E11E3B /* LoginVC.swift */,
				BBD052402C832D6C00E11E3B /* LoginVC.xib */,
			);
			path = LoginView;
			sourceTree = "<group>";
		};
		BBD052432C83352C00E11E3B /* SignupView */ = {
			isa = PBXGroup;
			children = (
				BBD052442C83357F00E11E3B /* SignupVC.swift */,
				BBD052452C83357F00E11E3B /* SignupVC.xib */,
			);
			path = SignupView;
			sourceTree = "<group>";
		};
		BBDEC7F92C34269400295A3E /* APIClient */ = {
			isa = PBXGroup;
			children = (
				BBD177742C3BDDE9008ED204 /* APIClient.swift */,
			);
			path = APIClient;
			sourceTree = "<group>";
		};
/* End PBXGroup section */

/* Begin PBXNativeTarget section */
		ADAA27AC231BBFAF00365194 /* Clima */ = {
			isa = PBXNativeTarget;
			buildConfigurationList = ADAA27C1231BBFB300365194 /* Build configuration list for PBXNativeTarget "Clima" */;
			buildPhases = (
				ADAA27A9231BBFAF00365194 /* Sources */,
				ADAA27AA231BBFAF00365194 /* Frameworks */,
				ADAA27AB231BBFAF00365194 /* Resources */,
			);
			buildRules = (
			);
			dependencies = (
				BBD0084F2C3559FB003D9324 /* PBXTargetDependency */,
			);
			name = Clima;
			packageProductDependencies = (
				BBD008462C3556FA003D9324 /* RswiftLibrary */,
				BB2852A42C97388100ED9D0E /* FirebaseAnalytics */,
				BB2852A62C97388100ED9D0E /* FirebaseAuth */,
				BB2852A82C97388100ED9D0E /* FirebaseMessaging */,
				BB2852AA2C97388100ED9D0E /* FirebaseRemoteConfig */,
			);
			productName = Clima;
			productReference = ADAA27AD231BBFAF00365194 /* Clima.app */;
			productType = "com.apple.product-type.application";
		};
/* End PBXNativeTarget section */

/* Begin PBXProject section */
		ADAA27A5231BBFAF00365194 /* Project object */ = {
			isa = PBXProject;
			attributes = {
				LastSwiftUpdateCheck = 1100;
				LastUpgradeCheck = 1100;
				ORGANIZATIONNAME = "App Brewery";
				TargetAttributes = {
					ADAA27AC231BBFAF00365194 = {
						CreatedOnToolsVersion = 11.0;
					};
				};
			};
			buildConfigurationList = ADAA27A8231BBFAF00365194 /* Build configuration list for PBXProject "Clima" */;
			compatibilityVersion = "Xcode 9.3";
			developmentRegion = en;
			hasScannedForEncodings = 0;
			knownRegions = (
				en,
				Base,
				ja,
			);
			mainGroup = ADAA27A4231BBFAF00365194;
			packageReferences = (
				BBD008452C3556FA003D9324 /* XCRemoteSwiftPackageReference "R" */,
				BB2852A32C97388100ED9D0E /* XCRemoteSwiftPackageReference "firebase-ios-sdk" */,
			);
			productRefGroup = ADAA27AE231BBFAF00365194 /* Products */;
			projectDirPath = "";
			projectRoot = "";
			targets = (
				ADAA27AC231BBFAF00365194 /* Clima */,
			);
		};
/* End PBXProject section */

/* Begin PBXResourcesBuildPhase section */
		ADAA27AB231BBFAF00365194 /* Resources */ = {
			isa = PBXResourcesBuildPhase;
			buildActionMask = 2147483647;
			files = (
				BB0175962C8F058100B9ED93 /* GoogleService-Info.plist in Resources */,
				ADAA27CE231BC87F00365194 /* README.md in Resources */,
				ADAA27C7231BC02C00365194 /* dark_background.pdf in Resources */,
				BBD008332C351561003D9324 /* CityListTableViewCell.xib in Resources */,
				BBD008422C3549DB003D9324 /* CityDetailViewController.storyboard in Resources */,
				ADAA27BD231BBFB300365194 /* LaunchScreen.storyboard in Resources */,
				BB9BB2B72C3560EA005C71DF /* Localizable.strings in Resources */,
				BBD052462C83357F00E11E3B /* SignupVC.xib in Resources */,
				BBD052412C832D6C00E11E3B /* LoginVC.xib in Resources */,
				ADAA27BA231BBFB300365194 /* Assets.xcassets in Resources */,
				ADAA27B8231BBFAF00365194 /* Main.storyboard in Resources */,
				ADAA27C6231BC02C00365194 /* light_background.pdf in Resources */,
				BBC22EF42C31362700B7FA52 /* CityListViewController.xib in Resources */,
			);
			runOnlyForDeploymentPostprocessing = 0;
		};
/* End PBXResourcesBuildPhase section */

/* Begin PBXSourcesBuildPhase section */
		ADAA27A9231BBFAF00365194 /* Sources */ = {
			isa = PBXSourcesBuildPhase;
			buildActionMask = 2147483647;
			files = (
				7D6425982451AEA500F1DD90 /* WeatherData.swift in Sources */,
				BBD008342C351561003D9324 /* CityListTableViewCell.swift in Sources */,
				BBD052422C832D6C00E11E3B /* LoginVC.swift in Sources */,
				BBD177772C3BDFF2008ED204 /* DadJokeManager.swift in Sources */,
				BBD0083E2C354657003D9324 /* CityDetailViewController.swift in Sources */,
				ADAA27B5231BBFAF00365194 /* WeatherViewController.swift in Sources */,
				BBD052472C83357F00E11E3B /* SignupVC.swift in Sources */,
				BBD008442C355112003D9324 /* RegionModel.swift in Sources */,
				BBC22EEA2C3123EE00B7FA52 /* CityListViewController.swift in Sources */,
				BBD0082D2C342FBA003D9324 /* JokeModel.swift in Sources */,
				ADAA27B1231BBFAF00365194 /* AppDelegate.swift in Sources */,
				BBBA3B0C2C3E8B2100C0AFC0 /* WeatherManager.swift in Sources */,
				7DB97A2C24585AB800C3BB03 /* WeatherModel.swift in Sources */,
				BBD177752C3BDDE9008ED204 /* APIClient.swift in Sources */,
				ADAA27B3231BBFAF00365194 /* SceneDelegate.swift in Sources */,
			);
			runOnlyForDeploymentPostprocessing = 0;
		};
/* End PBXSourcesBuildPhase section */

/* Begin PBXTargetDependency section */
		BBD0084F2C3559FB003D9324 /* PBXTargetDependency */ = {
			isa = PBXTargetDependency;
			productRef = BBD0084E2C3559FB003D9324 /* RswiftGenerateInternalResources */;
		};
/* End PBXTargetDependency section */

/* Begin PBXVariantGroup section */
		ADAA27B6231BBFAF00365194 /* Main.storyboard */ = {
			isa = PBXVariantGroup;
			children = (
				ADAA27B7231BBFAF00365194 /* Base */,
				BB9BB2B82C3561C0005C71DF /* ja */,
			);
			name = Main.storyboard;
			sourceTree = "<group>";
		};
		ADAA27BB231BBFB300365194 /* LaunchScreen.storyboard */ = {
			isa = PBXVariantGroup;
			children = (
				ADAA27BC231BBFB300365194 /* Base */,
			);
			name = LaunchScreen.storyboard;
			sourceTree = "<group>";
		};
		BB9BB2B52C3560EA005C71DF /* Localizable.strings */ = {
			isa = PBXVariantGroup;
			children = (
				BB9BB2B62C3560EA005C71DF /* en */,
				BB9BB2B92C3561C0005C71DF /* ja */,
			);
			name = Localizable.strings;
			sourceTree = "<group>";
		};
/* End PBXVariantGroup section */

/* Begin XCBuildConfiguration section */
		ADAA27BF231BBFB300365194 /* Debug */ = {
			isa = XCBuildConfiguration;
			buildSettings = {
				ALWAYS_SEARCH_USER_PATHS = NO;
				CLANG_ANALYZER_LOCALIZABILITY_NONLOCALIZED = YES;
				CLANG_ANALYZER_NONNULL = YES;
				CLANG_ANALYZER_NUMBER_OBJECT_CONVERSION = YES_AGGRESSIVE;
				CLANG_CXX_LANGUAGE_STANDARD = "gnu++14";
				CLANG_CXX_LIBRARY = "libc++";
				CLANG_ENABLE_MODULES = YES;
				CLANG_ENABLE_OBJC_ARC = YES;
				CLANG_ENABLE_OBJC_WEAK = YES;
				CLANG_WARN_BLOCK_CAPTURE_AUTORELEASING = YES;
				CLANG_WARN_BOOL_CONVERSION = YES;
				CLANG_WARN_COMMA = YES;
				CLANG_WARN_CONSTANT_CONVERSION = YES;
				CLANG_WARN_DEPRECATED_OBJC_IMPLEMENTATIONS = YES;
				CLANG_WARN_DIRECT_OBJC_ISA_USAGE = YES_ERROR;
				CLANG_WARN_DOCUMENTATION_COMMENTS = YES;
				CLANG_WARN_EMPTY_BODY = YES;
				CLANG_WARN_ENUM_CONVERSION = YES;
				CLANG_WARN_INFINITE_RECURSION = YES;
				CLANG_WARN_INT_CONVERSION = YES;
				CLANG_WARN_NON_LITERAL_NULL_CONVERSION = YES;
				CLANG_WARN_OBJC_IMPLICIT_RETAIN_SELF = YES;
				CLANG_WARN_OBJC_LITERAL_CONVERSION = YES;
				CLANG_WARN_OBJC_ROOT_CLASS = YES_ERROR;
				CLANG_WARN_RANGE_LOOP_ANALYSIS = YES;
				CLANG_WARN_STRICT_PROTOTYPES = YES;
				CLANG_WARN_SUSPICIOUS_MOVE = YES;
				CLANG_WARN_UNGUARDED_AVAILABILITY = YES_AGGRESSIVE;
				CLANG_WARN_UNREACHABLE_CODE = YES;
				CLANG_WARN__DUPLICATE_METHOD_MATCH = YES;
				COPY_PHASE_STRIP = NO;
				DEBUG_INFORMATION_FORMAT = dwarf;
				ENABLE_STRICT_OBJC_MSGSEND = YES;
				ENABLE_TESTABILITY = YES;
				GCC_C_LANGUAGE_STANDARD = gnu11;
				GCC_DYNAMIC_NO_PIC = NO;
				GCC_NO_COMMON_BLOCKS = YES;
				GCC_OPTIMIZATION_LEVEL = 0;
				GCC_PREPROCESSOR_DEFINITIONS = (
					"DEBUG=1",
					"$(inherited)",
				);
				GCC_WARN_64_TO_32_BIT_CONVERSION = YES;
				GCC_WARN_ABOUT_RETURN_TYPE = YES_ERROR;
				GCC_WARN_UNDECLARED_SELECTOR = YES;
				GCC_WARN_UNINITIALIZED_AUTOS = YES_AGGRESSIVE;
				GCC_WARN_UNUSED_FUNCTION = YES;
				GCC_WARN_UNUSED_VARIABLE = YES;
				IPHONEOS_DEPLOYMENT_TARGET = 14.0;
				MTL_ENABLE_DEBUG_INFO = INCLUDE_SOURCE;
				MTL_FAST_MATH = YES;
				ONLY_ACTIVE_ARCH = YES;
				SDKROOT = iphoneos;
				SWIFT_ACTIVE_COMPILATION_CONDITIONS = DEBUG;
				SWIFT_OPTIMIZATION_LEVEL = "-Onone";
			};
			name = Debug;
		};
		ADAA27C0231BBFB300365194 /* Release */ = {
			isa = XCBuildConfiguration;
			buildSettings = {
				ALWAYS_SEARCH_USER_PATHS = NO;
				CLANG_ANALYZER_LOCALIZABILITY_NONLOCALIZED = YES;
				CLANG_ANALYZER_NONNULL = YES;
				CLANG_ANALYZER_NUMBER_OBJECT_CONVERSION = YES_AGGRESSIVE;
				CLANG_CXX_LANGUAGE_STANDARD = "gnu++14";
				CLANG_CXX_LIBRARY = "libc++";
				CLANG_ENABLE_MODULES = YES;
				CLANG_ENABLE_OBJC_ARC = YES;
				CLANG_ENABLE_OBJC_WEAK = YES;
				CLANG_WARN_BLOCK_CAPTURE_AUTORELEASING = YES;
				CLANG_WARN_BOOL_CONVERSION = YES;
				CLANG_WARN_COMMA = YES;
				CLANG_WARN_CONSTANT_CONVERSION = YES;
				CLANG_WARN_DEPRECATED_OBJC_IMPLEMENTATIONS = YES;
				CLANG_WARN_DIRECT_OBJC_ISA_USAGE = YES_ERROR;
				CLANG_WARN_DOCUMENTATION_COMMENTS = YES;
				CLANG_WARN_EMPTY_BODY = YES;
				CLANG_WARN_ENUM_CONVERSION = YES;
				CLANG_WARN_INFINITE_RECURSION = YES;
				CLANG_WARN_INT_CONVERSION = YES;
				CLANG_WARN_NON_LITERAL_NULL_CONVERSION = YES;
				CLANG_WARN_OBJC_IMPLICIT_RETAIN_SELF = YES;
				CLANG_WARN_OBJC_LITERAL_CONVERSION = YES;
				CLANG_WARN_OBJC_ROOT_CLASS = YES_ERROR;
				CLANG_WARN_RANGE_LOOP_ANALYSIS = YES;
				CLANG_WARN_STRICT_PROTOTYPES = YES;
				CLANG_WARN_SUSPICIOUS_MOVE = YES;
				CLANG_WARN_UNGUARDED_AVAILABILITY = YES_AGGRESSIVE;
				CLANG_WARN_UNREACHABLE_CODE = YES;
				CLANG_WARN__DUPLICATE_METHOD_MATCH = YES;
				COPY_PHASE_STRIP = NO;
				DEBUG_INFORMATION_FORMAT = "dwarf-with-dsym";
				ENABLE_NS_ASSERTIONS = NO;
				ENABLE_STRICT_OBJC_MSGSEND = YES;
				GCC_C_LANGUAGE_STANDARD = gnu11;
				GCC_NO_COMMON_BLOCKS = YES;
				GCC_WARN_64_TO_32_BIT_CONVERSION = YES;
				GCC_WARN_ABOUT_RETURN_TYPE = YES_ERROR;
				GCC_WARN_UNDECLARED_SELECTOR = YES;
				GCC_WARN_UNINITIALIZED_AUTOS = YES_AGGRESSIVE;
				GCC_WARN_UNUSED_FUNCTION = YES;
				GCC_WARN_UNUSED_VARIABLE = YES;
				IPHONEOS_DEPLOYMENT_TARGET = 14.0;
				MTL_ENABLE_DEBUG_INFO = NO;
				MTL_FAST_MATH = YES;
				SDKROOT = iphoneos;
				SWIFT_COMPILATION_MODE = wholemodule;
				SWIFT_OPTIMIZATION_LEVEL = "-O";
				VALIDATE_PRODUCT = YES;
			};
			name = Release;
		};
		ADAA27C2231BBFB300365194 /* Debug */ = {
			isa = XCBuildConfiguration;
			buildSettings = {
				ASSETCATALOG_COMPILER_APPICON_NAME = AppIcon;
				CODE_SIGN_ENTITLEMENTS = Clima/ClimaDebug.entitlements;
				CODE_SIGN_STYLE = Automatic;
				DEVELOPMENT_TEAM = 67ZRFNK38N;
				INFOPLIST_FILE = Clima/Info.plist;
				IPHONEOS_DEPLOYMENT_TARGET = 14.0;
				LD_RUNPATH_SEARCH_PATHS = (
					"$(inherited)",
					"@executable_path/Frameworks",
				);
				PRODUCT_BUNDLE_IDENTIFIER = com.tomohiro.weatherapps;
				PRODUCT_NAME = "$(TARGET_NAME)";
				SWIFT_VERSION = 5.0;
				TARGETED_DEVICE_FAMILY = "1,2";
			};
			name = Debug;
		};
		ADAA27C3231BBFB300365194 /* Release */ = {
			isa = XCBuildConfiguration;
			buildSettings = {
				ASSETCATALOG_COMPILER_APPICON_NAME = AppIcon;
				CODE_SIGN_STYLE = Automatic;
				DEVELOPMENT_TEAM = 67ZRFNK38N;
				INFOPLIST_FILE = Clima/Info.plist;
				IPHONEOS_DEPLOYMENT_TARGET = 14.0;
				LD_RUNPATH_SEARCH_PATHS = (
					"$(inherited)",
					"@executable_path/Frameworks",
				);
				PRODUCT_BUNDLE_IDENTIFIER = com.tomohiro.weatherapp;
				PRODUCT_NAME = "$(TARGET_NAME)";
				SWIFT_VERSION = 5.0;
				TARGETED_DEVICE_FAMILY = "1,2";
			};
			name = Release;
		};
/* End XCBuildConfiguration section */

/* Begin XCConfigurationList section */
		ADAA27A8231BBFAF00365194 /* Build configuration list for PBXProject "Clima" */ = {
			isa = XCConfigurationList;
			buildConfigurations = (
				ADAA27BF231BBFB300365194 /* Debug */,
				ADAA27C0231BBFB300365194 /* Release */,
			);
			defaultConfigurationIsVisible = 0;
			defaultConfigurationName = Release;
		};
		ADAA27C1231BBFB300365194 /* Build configuration list for PBXNativeTarget "Clima" */ = {
			isa = XCConfigurationList;
			buildConfigurations = (
				ADAA27C2231BBFB300365194 /* Debug */,
				ADAA27C3231BBFB300365194 /* Release */,
			);
			defaultConfigurationIsVisible = 0;
			defaultConfigurationName = Release;
		};
/* End XCConfigurationList section */

/* Begin XCRemoteSwiftPackageReference section */
		BB2852A32C97388100ED9D0E /* XCRemoteSwiftPackageReference "firebase-ios-sdk" */ = {
			isa = XCRemoteSwiftPackageReference;
			repositoryURL = "https://github.com/firebase/firebase-ios-sdk";
			requirement = {
				kind = upToNextMajorVersion;
				minimumVersion = 11.2.0;
			};
		};
		BBD008452C3556FA003D9324 /* XCRemoteSwiftPackageReference "R" */ = {
			isa = XCRemoteSwiftPackageReference;
			repositoryURL = "https://github.com/mac-cain13/R.swift";
			requirement = {
				kind = upToNextMajorVersion;
				minimumVersion = 7.5.0;
			};
		};
/* End XCRemoteSwiftPackageReference section */

/* Begin XCSwiftPackageProductDependency section */
		BB2852A42C97388100ED9D0E /* FirebaseAnalytics */ = {
			isa = XCSwiftPackageProductDependency;
			package = BB2852A32C97388100ED9D0E /* XCRemoteSwiftPackageReference "firebase-ios-sdk" */;
			productName = FirebaseAnalytics;
		};
		BB2852A62C97388100ED9D0E /* FirebaseAuth */ = {
			isa = XCSwiftPackageProductDependency;
			package = BB2852A32C97388100ED9D0E /* XCRemoteSwiftPackageReference "firebase-ios-sdk" */;
			productName = FirebaseAuth;
		};
		BB2852A82C97388100ED9D0E /* FirebaseMessaging */ = {
			isa = XCSwiftPackageProductDependency;
			package = BB2852A32C97388100ED9D0E /* XCRemoteSwiftPackageReference "firebase-ios-sdk" */;
			productName = FirebaseMessaging;
		};
		BB2852AA2C97388100ED9D0E /* FirebaseRemoteConfig */ = {
			isa = XCSwiftPackageProductDependency;
			package = BB2852A32C97388100ED9D0E /* XCRemoteSwiftPackageReference "firebase-ios-sdk" */;
			productName = FirebaseRemoteConfig;
		};
		BBD008462C3556FA003D9324 /* RswiftLibrary */ = {
			isa = XCSwiftPackageProductDependency;
			package = BBD008452C3556FA003D9324 /* XCRemoteSwiftPackageReference "R" */;
			productName = RswiftLibrary;
		};
		BBD0084E2C3559FB003D9324 /* RswiftGenerateInternalResources */ = {
			isa = XCSwiftPackageProductDependency;
			productName = "plugin:RswiftGenerateInternalResources";
		};
/* End XCSwiftPackageProductDependency section */
	};
	rootObject = ADAA27A5231BBFAF00365194 /* Project object */;
}
